
Microsoft Visual Studio Solution File, Format Version 12.00
# Visual Studio 15
VisualStudioVersion = 15.0.26430.13
MinimumVisualStudioVersion = 10.0.40219.1
Project("{FAE04EC0-301F-11D3-BF4B-00C04F79EFBC}") = "CoursesAndroid", "CoursesAndroid\CoursesAndroid.csproj", "{B4277664-F4DA-4A77-9893-B09C5B9CA947}"
EndProject
Project("{FAE04EC0-301F-11D3-BF4B-00C04F79EFBC}") = "CoursesIos", "CoursesIos\CoursesIos.csproj", "{5C9601E7-CE9D-42EF-857E-5E7D5193C0BB}"
EndProject
Project("{FAE04EC0-301F-11D3-BF4B-00C04F79EFBC}") = "CoursesLibrary", "CoursesLibrary\CoursesLibrary.csproj", "{9C7A2C5E-EFF0-4DD7-81A4-105A2C089427}"
EndProject
Project("{FAE04EC0-301F-11D3-BF4B-00C04F79EFBC}") = "CoursesUnitTest", "CoursesUnitTest\CoursesUnitTest.csproj", "{24FA4FF3-75CF-4B6C-9A66-89B5B85F1FD2}"
EndProject
Global
	GlobalSection(SolutionConfigurationPlatforms) = preSolution
		Ad-Hoc|Any CPU = Ad-Hoc|Any CPU
		Ad-Hoc|iPhone = Ad-Hoc|iPhone
		Ad-Hoc|iPhoneSimulator = Ad-Hoc|iPhoneSimulator
		AppStore|Any CPU = AppStore|Any CPU
		AppStore|iPhone = AppStore|iPhone
		AppStore|iPhoneSimulator = AppStore|iPhoneSimulator
		Debug|Any CPU = Debug|Any CPU
		Debug|iPhone = Debug|iPhone
		Debug|iPhoneSimulator = Debug|iPhoneSimulator
		Release|Any CPU = Release|Any CPU
		Release|iPhone = Release|iPhone
		Release|iPhoneSimulator = Release|iPhoneSimulator
	EndGlobalSection
	GlobalSection(ProjectConfigurationPlatforms) = postSolution
		{B4277664-F4DA-4A77-9893-B09C5B9CA947}.Ad-Hoc|Any CPU.ActiveCfg = Release|Any CPU
		{B4277664-F4DA-4A77-9893-B09C5B9CA947}.Ad-Hoc|Any CPU.Build.0 = Release|Any CPU
		{B4277664-F4DA-4A77-9893-B09C5B9CA947}.Ad-Hoc|Any CPU.Deploy.0 = Release|Any CPU
		{B4277664-F4DA-4A77-9893-B09C5B9CA947}.Ad-Hoc|iPhone.ActiveCfg = Release|Any CPU
		{B4277664-F4DA-4A77-9893-B09C5B9CA947}.Ad-Hoc|iPhone.Build.0 = Release|Any CPU
		{B4277664-F4DA-4A77-9893-B09C5B9CA947}.Ad-Hoc|iPhone.Deploy.0 = Release|Any CPU
		{B4277664-F4DA-4A77-9893-B09C5B9CA947}.Ad-Hoc|iPhoneSimulator.ActiveCfg = Release|Any CPU
		{B4277664-F4DA-4A77-9893-B09C5B9CA947}.Ad-Hoc|iPhoneSimulator.Build.0 = Release|Any CPU
		{B4277664-F4DA-4A77-9893-B09C5B9CA947}.Ad-Hoc|iPhoneSimulator.Deploy.0 = Release|Any CPU
		{B4277664-F4DA-4A77-9893-B09C5B9CA947}.AppStore|Any CPU.ActiveCfg = Release|Any CPU
		{B4277664-F4DA-4A77-9893-B09C5B9CA947}.AppStore|Any CPU.Build.0 = Release|Any CPU
		{B4277664-F4DA-4A77-9893-B09C5B9CA947}.AppStore|Any CPU.Deploy.0 = Release|Any CPU
		{B4277664-F4DA-4A77-9893-B09C5B9CA947}.AppStore|iPhone.ActiveCfg = Release|Any CPU
		{B4277664-F4DA-4A77-9893-B09C5B9CA947}.AppStore|iPhone.Build.0 = Release|Any CPU
		{B4277664-F4DA-4A77-9893-B09C5B9CA947}.AppStore|iPhone.Deploy.0 = Release|Any CPU
		{B4277664-F4DA-4A77-9893-B09C5B9CA947}.AppStore|iPhoneSimulator.ActiveCfg = Release|Any CPU
		{B4277664-F4DA-4A77-9893-B09C5B9CA947}.AppStore|iPhoneSimulator.Build.0 = Release|Any CPU
		{B4277664-F4DA-4A77-9893-B09C5B9CA947}.AppStore|iPhoneSimulator.Deploy.0 = Release|Any CPU
		{B4277664-F4DA-4A77-9893-B09C5B9CA947}.Debug|Any CPU.ActiveCfg = Debug|Any CPU
		{B4277664-F4DA-4A77-9893-B09C5B9CA947}.Debug|Any CPU.Build.0 = Debug|Any CPU
		{B4277664-F4DA-4A77-9893-B09C5B9CA947}.Debug|Any CPU.Deploy.0 = Debug|Any CPU
		{B4277664-F4DA-4A77-9893-B09C5B9CA947}.Debug|iPhone.ActiveCfg = Debug|Any CPU
		{B4277664-F4DA-4A77-9893-B09C5B9CA947}.Debug|iPhone.Build.0 = Debug|Any CPU
		{B4277664-F4DA-4A77-9893-B09C5B9CA947}.Debug|iPhone.Deploy.0 = Debug|Any CPU
		{B4277664-F4DA-4A77-9893-B09C5B9CA947}.Debug|iPhoneSimulator.ActiveCfg = Debug|Any CPU
		{B4277664-F4DA-4A77-9893-B09C5B9CA947}.Debug|iPhoneSimulator.Build.0 = Debug|Any CPU
		{B4277664-F4DA-4A77-9893-B09C5B9CA947}.Debug|iPhoneSimulator.Deploy.0 = Debug|Any CPU
		{B4277664-F4DA-4A77-9893-B09C5B9CA947}.Release|Any CPU.ActiveCfg = Release|Any CPU
		{B4277664-F4DA-4A77-9893-B09C5B9CA947}.Release|Any CPU.Build.0 = Release|Any CPU
		{B4277664-F4DA-4A77-9893-B09C5B9CA947}.Release|Any CPU.Deploy.0 = Release|Any CPU
		{B4277664-F4DA-4A77-9893-B09C5B9CA947}.Release|iPhone.ActiveCfg = Release|Any CPU
		{B4277664-F4DA-4A77-9893-B09C5B9CA947}.Release|iPhone.Build.0 = Release|Any CPU
		{B4277664-F4DA-4A77-9893-B09C5B9CA947}.Release|iPhone.Deploy.0 = Release|Any CPU
		{B4277664-F4DA-4A77-9893-B09C5B9CA947}.Release|iPhoneSimulator.ActiveCfg = Release|Any CPU
		{B4277664-F4DA-4A77-9893-B09C5B9CA947}.Release|iPhoneSimulator.Build.0 = Release|Any CPU
		{B4277664-F4DA-4A77-9893-B09C5B9CA947}.Release|iPhoneSimulator.Deploy.0 = Release|Any CPU
		{5C9601E7-CE9D-42EF-857E-5E7D5193C0BB}.Ad-Hoc|Any CPU.ActiveCfg = Ad-Hoc|iPhone
		{5C9601E7-CE9D-42EF-857E-5E7D5193C0BB}.Ad-Hoc|iPhone.ActiveCfg = Ad-Hoc|iPhone
		{5C9601E7-CE9D-42EF-857E-5E7D5193C0BB}.Ad-Hoc|iPhone.Build.0 = Ad-Hoc|iPhone
		{5C9601E7-CE9D-42EF-857E-5E7D5193C0BB}.Ad-Hoc|iPhoneSimulator.ActiveCfg = Ad-Hoc|iPhoneSimulator
		{5C9601E7-CE9D-42EF-857E-5E7D5193C0BB}.Ad-Hoc|iPhoneSimulator.Build.0 = Ad-Hoc|iPhoneSimulator
		{5C9601E7-CE9D-42EF-857E-5E7D5193C0BB}.AppStore|Any CPU.ActiveCfg = AppStore|iPhone
		{5C9601E7-CE9D-42EF-857E-5E7D5193C0BB}.AppStore|iPhone.ActiveCfg = AppStore|iPhone
		{5C9601E7-CE9D-42EF-857E-5E7D5193C0BB}.AppStore|iPhone.Build.0 = AppStore|iPhone
		{5C9601E7-CE9D-42EF-857E-5E7D5193C0BB}.AppStore|iPhoneSimulator.ActiveCfg = AppStore|iPhoneSimulator
		{5C9601E7-CE9D-42EF-857E-5E7D5193C0BB}.AppStore|iPhoneSimulator.Build.0 = AppStore|iPhoneSimulator
		{5C9601E7-CE9D-42EF-857E-5E7D5193C0BB}.Debug|Any CPU.ActiveCfg = Debug|iPhone
		{5C9601E7-CE9D-42EF-857E-5E7D5193C0BB}.Debug|iPhone.ActiveCfg = Debug|iPhone
		{5C9601E7-CE9D-42EF-857E-5E7D5193C0BB}.Debug|iPhone.Build.0 = Debug|iPhone
		{5C9601E7-CE9D-42EF-857E-5E7D5193C0BB}.Debug|iPhoneSimulator.ActiveCfg = Debug|iPhoneSimulator
		{5C9601E7-CE9D-42EF-857E-5E7D5193C0BB}.Debug|iPhoneSimulator.Build.0 = Debug|iPhoneSimulator
		{5C9601E7-CE9D-42EF-857E-5E7D5193C0BB}.Release|Any CPU.ActiveCfg = Release|iPhone
		{5C9601E7-CE9D-42EF-857E-5E7D5193C0BB}.Release|iPhone.ActiveCfg = Release|iPhone
		{5C9601E7-CE9D-42EF-857E-5E7D5193C0BB}.Release|iPhone.Build.0 = Release|iPhone
		{5C9601E7-CE9D-42EF-857E-5E7D5193C0BB}.Release|iPhoneSimulator.ActiveCfg = Release|iPhoneSimulator
		{5C9601E7-CE9D-42EF-857E-5E7D5193C0BB}.Release|iPhoneSimulator.Build.0 = Release|iPhoneSimulator
		{9C7A2C5E-EFF0-4DD7-81A4-105A2C089427}.Ad-Hoc|Any CPU.ActiveCfg = Release|Any CPU
		{9C7A2C5E-EFF0-4DD7-81A4-105A2C089427}.Ad-Hoc|Any CPU.Build.0 = Release|Any CPU
		{9C7A2C5E-EFF0-4DD7-81A4-105A2C089427}.Ad-Hoc|iPhone.ActiveCfg = Release|Any CPU
		{9C7A2C5E-EFF0-4DD7-81A4-105A2C089427}.Ad-Hoc|iPhone.Build.0 = Release|Any CPU
		{9C7A2C5E-EFF0-4DD7-81A4-105A2C089427}.Ad-Hoc|iPhoneSimulator.ActiveCfg = Release|Any CPU
		{9C7A2C5E-EFF0-4DD7-81A4-105A2C089427}.Ad-Hoc|iPhoneSimulator.Build.0 = Release|Any CPU
		{9C7A2C5E-EFF0-4DD7-81A4-105A2C089427}.AppStore|Any CPU.ActiveCfg = Release|Any CPU
		{9C7A2C5E-EFF0-4DD7-81A4-105A2C089427}.AppStore|Any CPU.Build.0 = Release|Any CPU
		{9C7A2C5E-EFF0-4DD7-81A4-105A2C089427}.AppStore|iPhone.ActiveCfg = Release|Any CPU
		{9C7A2C5E-EFF0-4DD7-81A4-105A2C089427}.AppStore|iPhone.Build.0 = Release|Any CPU
		{9C7A2C5E-EFF0-4DD7-81A4-105A2C089427}.AppStore|iPhoneSimulator.ActiveCfg = Release|Any CPU
		{9C7A2C5E-EFF0-4DD7-81A4-105A2C089427}.AppStore|iPhoneSimulator.Build.0 = Release|Any CPU
		{9C7A2C5E-EFF0-4DD7-81A4-105A2C089427}.Debug|Any CPU.ActiveCfg = Debug|Any CPU
		{9C7A2C5E-EFF0-4DD7-81A4-105A2C089427}.Debug|Any CPU.Build.0 = Debug|Any CPU
		{9C7A2C5E-EFF0-4DD7-81A4-105A2C089427}.Debug|iPhone.ActiveCfg = Debug|Any CPU
		{9C7A2C5E-EFF0-4DD7-81A4-105A2C089427}.Debug|iPhone.Build.0 = Debug|Any CPU
		{9C7A2C5E-EFF0-4DD7-81A4-105A2C089427}.Debug|iPhoneSimulator.ActiveCfg = Debug|Any CPU
		{9C7A2C5E-EFF0-4DD7-81A4-105A2C089427}.Debug|iPhoneSimulator.Build.0 = Debug|Any CPU
		{9C7A2C5E-EFF0-4DD7-81A4-105A2C089427}.Release|Any CPU.ActiveCfg = Release|Any CPU
		{9C7A2C5E-EFF0-4DD7-81A4-105A2C089427}.Release|Any CPU.Build.0 = Release|Any CPU
		{9C7A2C5E-EFF0-4DD7-81A4-105A2C089427}.Release|iPhone.ActiveCfg = Release|Any CPU
		{9C7A2C5E-EFF0-4DD7-81A4-105A2C089427}.Release|iPhone.Build.0 = Release|Any CPU
		{9C7A2C5E-EFF0-4DD7-81A4-105A2C089427}.Release|iPhoneSimulator.ActiveCfg = Release|Any CPU
		{9C7A2C5E-EFF0-4DD7-81A4-105A2C089427}.Release|iPhoneSimulator.Build.0 = Release|Any CPU
		{24FA4FF3-75CF-4B6C-9A66-89B5B85F1FD2}.Ad-Hoc|Any CPU.ActiveCfg = Release|Any CPU
		{24FA4FF3-75CF-4B6C-9A66-89B5B85F1FD2}.Ad-Hoc|Any CPU.Build.0 = Release|Any CPU
		{24FA4FF3-75CF-4B6C-9A66-89B5B85F1FD2}.Ad-Hoc|iPhone.ActiveCfg = Release|Any CPU
		{24FA4FF3-75CF-4B6C-9A66-89B5B85F1FD2}.Ad-Hoc|iPhone.Build.0 = Release|Any CPU
		{24FA4FF3-75CF-4B6C-9A66-89B5B85F1FD2}.Ad-Hoc|iPhoneSimulator.ActiveCfg = Release|Any CPU
		{24FA4FF3-75CF-4B6C-9A66-89B5B85F1FD2}.Ad-Hoc|iPhoneSimulator.Build.0 = Release|Any CPU
		{24FA4FF3-75CF-4B6C-9A66-89B5B85F1FD2}.AppStore|Any CPU.ActiveCfg = Release|Any CPU
		{24FA4FF3-75CF-4B6C-9A66-89B5B85F1FD2}.AppStore|Any CPU.Build.0 = Release|Any CPU
		{24FA4FF3-75CF-4B6C-9A66-89B5B85F1FD2}.AppStore|iPhone.ActiveCfg = Release|Any CPU
		{24FA4FF3-75CF-4B6C-9A66-89B5B85F1FD2}.AppStore|iPhone.Build.0 = Release|Any CPU
		{24FA4FF3-75CF-4B6C-9A66-89B5B85F1FD2}.AppStore|iPhoneSimulator.ActiveCfg = Release|Any CPU
		{24FA4FF3-75CF-4B6C-9A66-89B5B85F1FD2}.AppStore|iPhoneSimulator.Build.0 = Release|Any CPU
		{24FA4FF3-75CF-4B6C-9A66-89B5B85F1FD2}.Debug|Any CPU.ActiveCfg = Debug|Any CPU
		{24FA4FF3-75CF-4B6C-9A66-89B5B85F1FD2}.Debug|Any CPU.Build.0 = Debug|Any CPU
		{24FA4FF3-75CF-4B6C-9A66-89B5B85F1FD2}.Debug|iPhone.ActiveCfg = Debug|Any CPU
		{24FA4FF3-75CF-4B6C-9A66-89B5B85F1FD2}.Debug|iPhone.Build.0 = Debug|Any CPU
		{24FA4FF3-75CF-4B6C-9A66-89B5B85F1FD2}.Debug|iPhoneSimulator.ActiveCfg = Debug|Any CPU
		{24FA4FF3-75CF-4B6C-9A66-89B5B85F1FD2}.Debug|iPhoneSimulator.Build.0 = Debug|Any CPU
		{24FA4FF3-75CF-4B6C-9A66-89B5B85F1FD2}.Release|Any CPU.ActiveCfg = Release|Any CPU
		{24FA4FF3-75CF-4B6C-9A66-89B5B85F1FD2}.Release|Any CPU.Build.0 = Release|Any CPU
		{24FA4FF3-75CF-4B6C-9A66-89B5B85F1FD2}.Release|iPhone.ActiveCfg = Release|Any CPU
		{24FA4FF3-75CF-4B6C-9A66-89B5B85F1FD2}.Release|iPhone.Build.0 = Release|Any CPU
		{24FA4FF3-75CF-4B6C-9A66-89B5B85F1FD2}.Release|iPhoneSimulator.ActiveCfg = Release|Any CPU
		{24FA4FF3-75CF-4B6C-9A66-89B5B85F1FD2}.Release|iPhoneSimulator.Build.0 = Release|Any CPU
	EndGlobalSection
	GlobalSection(SolutionProperties) = preSolution
		HideSolutionNode = FALSE
	EndGlobalSection
EndGlobal
